
Microsoft Visual Studio Solution File, Format Version 11.00
# Visual Studio 2010
Project("{FAE04EC0-301F-11D3-BF4B-00C04F79EFBC}") = "SaverSetter", "SaverSetter.csproj", "{18E32BF5-A9D9-4888-ACDE-C4449E1B0F83}"
EndProject
Global
	GlobalSection(SolutionConfigurationPlatforms) = preSolution
		Debug|Any CPU = Debug|Any CPU
		Release|Any CPU = Release|Any CPU
	EndGlobalSection
	GlobalSection(ProjectConfigurationPlatforms) = postSolution
		{18E32BF5-A9D9-4888-ACDE-C4449E1B0F83}.Debug|Any CPU.ActiveCfg = Debug|Any CPU
		{18E32BF5-A9D9-4888-ACDE-C4449E1B0F83}.Debug|Any CPU.Build.0 = Debug|Any CPU
		{18E32BF5-A9D9-4888-ACDE-C4449E1B0F83}.Release|Any CPU.ActiveCfg = Release|Any CPU
		{18E32BF5-A9D9-4888-ACDE-C4449E1B0F83}.Release|Any CPU.Build.0 = Release|Any CPU
	EndGlobalSection
	GlobalSection(SolutionProperties) = preSolution
		HideSolutionNode = FALSE
	EndGlobalSection
EndGlobal
